
Microsoft Visual Studio Solution File, Format Version 12.00
# Visual Studio Version 16
VisualStudioVersion = 16.0.31005.135
MinimumVisualStudioVersion = 10.0.40219.1
Project("{FAE04EC0-301F-11D3-BF4B-00C04F79EFBC}") = "RBC GAM", "RBC GAM\RBC GAM.csproj", "{081CF0C4-8C42-4CC1-BE7F-A2EB153347A0}"
EndProject
Global
	GlobalSection(SolutionConfigurationPlatforms) = preSolution
		Debug|Any CPU = Debug|Any CPU
		Release|Any CPU = Release|Any CPU
	EndGlobalSection
	GlobalSection(ProjectConfigurationPlatforms) = postSolution
		{081CF0C4-8C42-4CC1-BE7F-A2EB153347A0}.Debug|Any CPU.ActiveCfg = Debug|Any CPU
		{081CF0C4-8C42-4CC1-BE7F-A2EB153347A0}.Debug|Any CPU.Build.0 = Debug|Any CPU
		{081CF0C4-8C42-4CC1-BE7F-A2EB153347A0}.Release|Any CPU.ActiveCfg = Release|Any CPU
		{081CF0C4-8C42-4CC1-BE7F-A2EB153347A0}.Release|Any CPU.Build.0 = Release|Any CPU
	EndGlobalSection
	GlobalSection(SolutionProperties) = preSolution
		HideSolutionNode = FALSE
	EndGlobalSection
	GlobalSection(ExtensibilityGlobals) = postSolution
		SolutionGuid = {1B501C95-CAEE-4DFE-9D1F-949B6006DF07}
	EndGlobalSection
EndGlobal
